NeoBundleLock jedi-vim 133281a0214377c3376f8135e9ac4a0e0f3e87ba
NeoBundleLock neobundle.vim b17652e171cc439a6d7554b96daea76c502da3c9
NeoBundleLock neocomplete.vim 72bf34c349078ae0e4691f7e00dd2a7ab5714a69
NeoBundleLock vim-surround 772ab9587b7d1e2c3bae75395c9123803059ba8a
NeoBundleLock vimproc c286dcbdfca9e0ee1a4cb90f09c3f03638112f5a
